
Microsoft Visual Studio Solution File, Format Version 12.00
# Visual Studio Version 16
VisualStudioVersion = 16.0.31624.102
MinimumVisualStudioVersion = 10.0.40219.1
Project("{FAE04EC0-301F-11D3-BF4B-00C04F79EFBC}") = "Assignment3", "Assignment3\Assignment3.csproj", "{AB7F0410-26BB-46F9-A127-1D1B26A76187}"
EndProject
Global
	GlobalSection(SolutionConfigurationPlatforms) = preSolution
		Debug|Any CPU = Debug|Any CPU
		Release|Any CPU = Release|Any CPU
	EndGlobalSection
	GlobalSection(ProjectConfigurationPlatforms) = postSolution
		{AB7F0410-26BB-46F9-A127-1D1B26A76187}.Debug|Any CPU.ActiveCfg = Debug|Any CPU
		{AB7F0410-26BB-46F9-A127-1D1B26A76187}.Debug|Any CPU.Build.0 = Debug|Any CPU
		{AB7F0410-26BB-46F9-A127-1D1B26A76187}.Release|Any CPU.ActiveCfg = Release|Any CPU
		{AB7F0410-26BB-46F9-A127-1D1B26A76187}.Release|Any CPU.Build.0 = Release|Any CPU
	EndGlobalSection
	GlobalSection(SolutionProperties) = preSolution
		HideSolutionNode = FALSE
	EndGlobalSection
	GlobalSection(ExtensibilityGlobals) = postSolution
		SolutionGuid = {9CC00D22-6A01-40A0-8BF6-00F6F6331433}
	EndGlobalSection
EndGlobal
